Microsoft Visual Studio Solution File, Format Version 12.00
# Visual Studio Version 17
VisualStudioVersion = 17.5.2.0
MinimumVisualStudioVersion = 10.0.40219.1
Project("{FAE04EC0-301F-11D3-BF4B-00C04F79EFBC}") = "MyCalenderApp", "MyCalenderApp\MyCalenderApp.csproj", "{3AF5575D-6DCC-6E04-18F2-888E25F8342B}"
EndProject
Global
	GlobalSection(SolutionConfigurationPlatforms) = preSolution
		Debug|Any CPU = Debug|Any CPU
		Release|Any CPU = Release|Any CPU
	EndGlobalSection
	GlobalSection(ProjectConfigurationPlatforms) = postSolution
		{3AF5575D-6DCC-6E04-18F2-888E25F8342B}.Debug|Any CPU.ActiveCfg = Debug|Any CPU
		{3AF5575D-6DCC-6E04-18F2-888E25F8342B}.Debug|Any CPU.Build.0 = Debug|Any CPU
		{3AF5575D-6DCC-6E04-18F2-888E25F8342B}.Release|Any CPU.ActiveCfg = Release|Any CPU
		{3AF5575D-6DCC-6E04-18F2-888E25F8342B}.Release|Any CPU.Build.0 = Release|Any CPU
	EndGlobalSection
	GlobalSection(SolutionProperties) = preSolution
		HideSolutionNode = FALSE
	EndGlobalSection
	GlobalSection(ExtensibilityGlobals) = postSolution
		SolutionGuid = {80B79687-A890-4E9B-977E-882F8D169A09}
	EndGlobalSection
EndGlobal
